
Microsoft Visual Studio Solution File, Format Version 12.00
# Visual Studio Version 17
VisualStudioVersion = 17.9.34701.34
MinimumVisualStudioVersion = 10.0.40219.1
Project("{9A19103F-16F7-4668-BE54-9A1E7A4F7556}") = "StudentPortal", "StudentPortal\StudentPortal.csproj", "{B4AB1B8E-35F5-44A4-A599-7FBEEB181F52}"
EndProject
Global
	GlobalSection(SolutionConfigurationPlatforms) = preSolution
		Debug|Any CPU = Debug|Any CPU
		Release|Any CPU = Release|Any CPU
	EndGlobalSection
	GlobalSection(ProjectConfigurationPlatforms) = postSolution
		{B4AB1B8E-35F5-44A4-A599-7FBEEB181F52}.Debug|Any CPU.ActiveCfg = Debug|Any CPU
		{B4AB1B8E-35F5-44A4-A599-7FBEEB181F52}.Debug|Any CPU.Build.0 = Debug|Any CPU
		{B4AB1B8E-35F5-44A4-A599-7FBEEB181F52}.Release|Any CPU.ActiveCfg = Debug|Any CPU
		{B4AB1B8E-35F5-44A4-A599-7FBEEB181F52}.Release|Any CPU.Build.0 = Debug|Any CPU
	EndGlobalSection
	GlobalSection(SolutionProperties) = preSolution
		HideSolutionNode = FALSE
	EndGlobalSection
	GlobalSection(ExtensibilityGlobals) = postSolution
		SolutionGuid = {5EAD6AA1-9637-4E47-ABE1-FD0173577514}
	EndGlobalSection
EndGlobal
